
Microsoft Visual Studio Solution File, Format Version 12.00
# Visual Studio Version 16
VisualStudioVersion = 16.0.34301.259
MinimumVisualStudioVersion = 10.0.40219.1
Project("{FAE04EC0-301F-11D3-BF4B-00C04F79EFBC}") = "MvcWebProject", "MvcWebProject\MvcWebProject.csproj", "{B290E1BA-C6EF-43EC-BB44-7EA387721390}"
EndProject
Global
	GlobalSection(SolutionConfigurationPlatforms) = preSolution
		Debug|Any CPU = Debug|Any CPU
		Release|Any CPU = Release|Any CPU
	EndGlobalSection
	GlobalSection(ProjectConfigurationPlatforms) = postSolution
		{B290E1BA-C6EF-43EC-BB44-7EA387721390}.Debug|Any CPU.ActiveCfg = Debug|Any CPU
		{B290E1BA-C6EF-43EC-BB44-7EA387721390}.Debug|Any CPU.Build.0 = Debug|Any CPU
		{B290E1BA-C6EF-43EC-BB44-7EA387721390}.Release|Any CPU.ActiveCfg = Release|Any CPU
		{B290E1BA-C6EF-43EC-BB44-7EA387721390}.Release|Any CPU.Build.0 = Release|Any CPU
	EndGlobalSection
	GlobalSection(SolutionProperties) = preSolution
		HideSolutionNode = FALSE
	EndGlobalSection
	GlobalSection(ExtensibilityGlobals) = postSolution
		SolutionGuid = {AB4179C0-A244-4369-8F4B-F44011F1F316}
	EndGlobalSection
EndGlobal
